
Microsoft Visual Studio Solution File, Format Version 12.00
# Visual Studio Version 16
VisualStudioVersion = 16.0.29728.190
MinimumVisualStudioVersion = 10.0.40219.1
Project("{8BC9CEB8-8B4A-11D0-8D11-00A0C91BC942}") = "1026_보물", "1026_보물\1026_보물.vcxproj", "{DA746EBB-DE42-4146-9818-D14AF5075863}"
EndProject
Project("{8BC9CEB8-8B4A-11D0-8D11-00A0C91BC942}") = "11004_K번째 수", "11004_K번째 수\11004_K번째 수.vcxproj", "{A436E392-333B-4CFB-AF08-D64A91A803E8}"
EndProject
Project("{8BC9CEB8-8B4A-11D0-8D11-00A0C91BC942}") = "11652_카드", "11652_카드\11652_카드.vcxproj", "{3615082A-BA48-462C-A00E-2C8AB90655CD}"
EndProject
Project("{8BC9CEB8-8B4A-11D0-8D11-00A0C91BC942}") = "10825_국영수", "10825_국영수\10825_국영수.vcxproj", "{4136DC48-5F22-43C0-A320-2361B44B449B}"
EndProject
Global
	GlobalSection(SolutionConfigurationPlatforms) = preSolution
		Debug|x64 = Debug|x64
		Debug|x86 = Debug|x86
		Release|x64 = Release|x64
		Release|x86 = Release|x86
	EndGlobalSection
	GlobalSection(ProjectConfigurationPlatforms) = postSolution
		{DA746EBB-DE42-4146-9818-D14AF5075863}.Debug|x64.ActiveCfg = Debug|x64
		{DA746EBB-DE42-4146-9818-D14AF5075863}.Debug|x64.Build.0 = Debug|x64
		{DA746EBB-DE42-4146-9818-D14AF5075863}.Debug|x86.ActiveCfg = Debug|Win32
		{DA746EBB-DE42-4146-9818-D14AF5075863}.Debug|x86.Build.0 = Debug|Win32
		{DA746EBB-DE42-4146-9818-D14AF5075863}.Release|x64.ActiveCfg = Release|x64
		{DA746EBB-DE42-4146-9818-D14AF5075863}.Release|x64.Build.0 = Release|x64
		{DA746EBB-DE42-4146-9818-D14AF5075863}.Release|x86.ActiveCfg = Release|Win32
		{DA746EBB-DE42-4146-9818-D14AF5075863}.Release|x86.Build.0 = Release|Win32
		{A436E392-333B-4CFB-AF08-D64A91A803E8}.Debug|x64.ActiveCfg = Debug|x64
		{A436E392-333B-4CFB-AF08-D64A91A803E8}.Debug|x64.Build.0 = Debug|x64
		{A436E392-333B-4CFB-AF08-D64A91A803E8}.Debug|x86.ActiveCfg = Debug|Win32
		{A436E392-333B-4CFB-AF08-D64A91A803E8}.Debug|x86.Build.0 = Debug|Win32
		{A436E392-333B-4CFB-AF08-D64A91A803E8}.Release|x64.ActiveCfg = Release|x64
		{A436E392-333B-4CFB-AF08-D64A91A803E8}.Release|x64.Build.0 = Release|x64
		{A436E392-333B-4CFB-AF08-D64A91A803E8}.Release|x86.ActiveCfg = Release|Win32
		{A436E392-333B-4CFB-AF08-D64A91A803E8}.Release|x86.Build.0 = Release|Win32
		{3615082A-BA48-462C-A00E-2C8AB90655CD}.Debug|x64.ActiveCfg = Debug|x64
		{3615082A-BA48-462C-A00E-2C8AB90655CD}.Debug|x64.Build.0 = Debug|x64
		{3615082A-BA48-462C-A00E-2C8AB90655CD}.Debug|x86.ActiveCfg = Debug|Win32
		{3615082A-BA48-462C-A00E-2C8AB90655CD}.Debug|x86.Build.0 = Debug|Win32
		{3615082A-BA48-462C-A00E-2C8AB90655CD}.Release|x64.ActiveCfg = Release|x64
		{3615082A-BA48-462C-A00E-2C8AB90655CD}.Release|x64.Build.0 = Release|x64
		{3615082A-BA48-462C-A00E-2C8AB90655CD}.Release|x86.ActiveCfg = Release|Win32
		{3615082A-BA48-462C-A00E-2C8AB90655CD}.Release|x86.Build.0 = Release|Win32
		{4136DC48-5F22-43C0-A320-2361B44B449B}.Debug|x64.ActiveCfg = Debug|x64
		{4136DC48-5F22-43C0-A320-2361B44B449B}.Debug|x64.Build.0 = Debug|x64
		{4136DC48-5F22-43C0-A320-2361B44B449B}.Debug|x86.ActiveCfg = Debug|Win32
		{4136DC48-5F22-43C0-A320-2361B44B449B}.Debug|x86.Build.0 = Debug|Win32
		{4136DC48-5F22-43C0-A320-2361B44B449B}.Release|x64.ActiveCfg = Release|x64
		{4136DC48-5F22-43C0-A320-2361B44B449B}.Release|x64.Build.0 = Release|x64
		{4136DC48-5F22-43C0-A320-2361B44B449B}.Release|x86.ActiveCfg = Release|Win32
		{4136DC48-5F22-43C0-A320-2361B44B449B}.Release|x86.Build.0 = Release|Win32
	EndGlobalSection
	GlobalSection(SolutionProperties) = preSolution
		HideSolutionNode = FALSE
	EndGlobalSection
	GlobalSection(ExtensibilityGlobals) = postSolution
		SolutionGuid = {06E5A5C8-2E02-4B6B-846C-3405CD082A05}
	EndGlobalSection
EndGlobal
